
Microsoft Visual Studio Solution File, Format Version 12.00
# Visual Studio 15
VisualStudioVersion = 15.0.28010.2036
MinimumVisualStudioVersion = 10.0.40219.1
Project("{FAE04EC0-301F-11D3-BF4B-00C04F79EFBC}") = "hr-system-EES", "hr-system-EES\hr-system-EES.csproj", "{2B5E5389-1CA8-41DA-9168-11BF1F539CC1}"
EndProject
Global
	GlobalSection(SolutionConfigurationPlatforms) = preSolution
		Debug|Any CPU = Debug|Any CPU
		Release|Any CPU = Release|Any CPU
	EndGlobalSection
	GlobalSection(ProjectConfigurationPlatforms) = postSolution
		{2B5E5389-1CA8-41DA-9168-11BF1F539CC1}.Debug|Any CPU.ActiveCfg = Debug|Any CPU
		{2B5E5389-1CA8-41DA-9168-11BF1F539CC1}.Debug|Any CPU.Build.0 = Debug|Any CPU
		{2B5E5389-1CA8-41DA-9168-11BF1F539CC1}.Release|Any CPU.ActiveCfg = Release|Any CPU
		{2B5E5389-1CA8-41DA-9168-11BF1F539CC1}.Release|Any CPU.Build.0 = Release|Any CPU
	EndGlobalSection
	GlobalSection(SolutionProperties) = preSolution
		HideSolutionNode = FALSE
	EndGlobalSection
	GlobalSection(ExtensibilityGlobals) = postSolution
		SolutionGuid = {26DCE7B0-AA15-4F28-8B4F-8A408BABC838}
	EndGlobalSection
EndGlobal
